{
  "name": "live",
  "version": "1.0.0",
  "lockfileVersion": 1,
  "requires": true,
  "dependencies": {
    "async-validator": {
      "version": "1.6.9",
      "resolved": "https://registry.npmjs.org/async-validator/-/async-validator-1.6.9.tgz",
      "integrity": "sha1-qDCdqouDQhzb1GKOAm1quyUZLTQ="
    },
    "babel-helper-vue-jsx-merge-props": {
      "version": "2.0.2",
      "resolved": "https://registry.npmjs.org/babel-helper-vue-jsx-merge-props/-/babel-helper-vue-jsx-merge-props-2.0.2.tgz",
      "integrity": "sha1-rOscNzWIJ54nVeoc/TXCI5T9M/g="
    },
    "babel-plugin-component": {
      "version": "0.10.1",
      "resolved": "https://registry.npmjs.org/babel-plugin-component/-/babel-plugin-component-0.10.1.tgz",
      "integrity": "sha512-lDnSRHmOyM2K/DWrusAgv04yDgoJVA0vJOiiNHTA6kP+VUzwqAjcjHQbFEQFgKE0WHxhb0mCsKrocOIjK1qgKQ==",
      "dev": true
    },
    "deepmerge": {
      "version": "1.5.2",
      "resolved": "https://registry.npmjs.org/deepmerge/-/deepmerge-1.5.2.tgz",
      "integrity": "sha512-95k0GDqvBjZavkuvzx/YqVLv/6YYa17fz6ILMSf7neqQITCPbnfEnQvEgMPNjH4kgobe7+WIL0yJEHku+H3qtQ=="
    },
    "element-ui": {
      "version": "2.0.0-alpha.2",
      "resolved": "https://registry.npmjs.org/element-ui/-/element-ui-2.0.0-alpha.2.tgz",
      "integrity": "sha512-Rjvo+F4BwFwpOWTgepAuaASizsCnTNy05zuMNLjc7Wig3g3MO8zas0n+ddDFhENqzuoZ5xt2bhSzeIcnIdIUJQ==",
      "requires": {
        "async-validator": "1.6.9",
        "babel-helper-vue-jsx-merge-props": "2.0.2",
        "deepmerge": "1.5.2",
        "throttle-debounce": "1.0.1"
      }
    },
    "throttle-debounce": {
      "version": "1.0.1",
      "resolved": "https://registry.npmjs.org/throttle-debounce/-/throttle-debounce-1.0.1.tgz",
      "integrity": "sha1-2tD+Ew+drzcZ/eoz3Dao5rp/MLU="
    }
  }
}
